// !$*UTF8*$!
{
	archiveVersion = 1;
	classes = {
	};
	objectVersion = 46;
	objects = {

/* Begin PBXBuildFile section */
		099A5BEB18372DDC00624CDF /* Foundation.framework in Frameworks */ = {isa = PBXBuildFile; fileRef = 099A5BEA18372DDC00624CDF /* Foundation.framework */; };
		099A5BED18372DDC00624CDF /* CoreGraphics.framework in Frameworks */ = {isa = PBXBuildFile; fileRef = 099A5BEC18372DDC00624CDF /* CoreGraphics.framework */; };
		099A5BEF18372DDC00624CDF /* UIKit.framework in Frameworks */ = {isa = PBXBuildFile; fileRef = 099A5BEE18372DDC00624CDF /* UIKit.framework */; };
		099A5BF518372DDC00624CDF /* InfoPlist.strings in Resources */ = {isa = PBXBuildFile; fileRef = 099A5BF318372DDC00624CDF /* InfoPlist.strings */; };
		099A5BF718372DDC00624CDF /* main.m in Sources */ = {isa = PBXBuildFile; fileRef = 099A5BF618372DDC00624CDF /* main.m */; };
		099A5BFB18372DDC00624CDF /* AppDelegate.m in Sources */ = {isa = PBXBuildFile; fileRef = 099A5BFA18372DDC00624CDF /* AppDelegate.m */; };
		099A5BFE18372DDC00624CDF /* Main.storyboard in Resources */ = {isa = PBXBuildFile; fileRef = 099A5BFC18372DDC00624CDF /* Main.storyboard */; };
		099A5C0118372DDC00624CDF /* ViewController.m in Sources */ = {isa = PBXBuildFile; fileRef = 099A5C0018372DDC00624CDF /* ViewController.m */; };
		099A5C0318372DDC00624CDF /* Images.xcassets in Resources */ = {isa = PBXBuildFile; fileRef = 099A5C0218372DDC00624CDF /* Images.xcassets */; };
		099A5C0A18372DDC00624CDF /* XCTest.framework in Frameworks */ = {isa = PBXBuildFile; fileRef = 099A5C0918372DDC00624CDF /* XCTest.framework */; };
		099A5C0B18372DDC00624CDF /* Foundation.framework in Frameworks */ = {isa = PBXBuildFile; fileRef = 099A5BEA18372DDC00624CDF /* Foundation.framework */; };
		099A5C0C18372DDC00624CDF /* UIKit.framework in Frameworks */ = {isa = PBXBuildFile; fileRef = 099A5BEE18372DDC00624CDF /* UIKit.framework */; };
		099A5C1418372DDC00624CDF /* InfoPlist.strings in Resources */ = {isa = PBXBuildFile; fileRef = 099A5C1218372DDC00624CDF /* InfoPlist.strings */; };
		099A5C1618372DDC00624CDF /* test_beaconTests.m in Sources */ = {isa = PBXBuildFile; fileRef = 099A5C1518372DDC00624CDF /* test_beaconTests.m */; };
		099A5C2018372E1500624CDF /* CoreBluetooth.framework in Frameworks */ = {isa = PBXBuildFile; fileRef = 099A5C1F18372E1500624CDF /* CoreBluetooth.framework */; };
/* End PBXBuildFile section */

/* Begin PBXContainerItemProxy section */
		099A5C0D18372DDC00624CDF /* PBXContainerItemProxy */ = {
			isa = PBXContainerItemProxy;
			containerPortal = 099A5BDF18372DDC00624CDF /* Project object */;
			proxyType = 1;
			remoteGlobalIDString = 099A5BE618372DDC00624CDF;
			remoteInfo = test_beacon;
		};
/* End PBXContainerItemProxy section */

/* Begin PBXFileReference section */
		099A5BE718372DDC00624CDF /* test_beacon.app */ = {isa = PBXFileReference; explicitFileType = wrapper.application; includeInIndex = 0; path = test_beacon.app; sourceTree = BUILT_PRODUCTS_DIR; };
		099A5BEA18372DDC00624CDF /* Foundation.framework */ = {isa = PBXFileReference; lastKnownFileType = wrapper.framework; name = Foundation.framework; path = System/Library/Frameworks/Foundation.framework; sourceTree = SDKROOT; };
		099A5BEC18372DDC00624CDF /* CoreGraphics.framework */ = {isa = PBXFileReference; lastKnownFileType = wrapper.framework; name = CoreGraphics.framework; path = System/Library/Frameworks/CoreGraphics.framework; sourceTree = SDKROOT; };
		099A5BEE18372DDC00624CDF /* UIKit.framework */ = {isa = PBXFileReference; lastKnownFileType = wrapper.framework; name = UIKit.framework; path = System/Library/Frameworks/UIKit.framework; sourceTree = SDKROOT; };
		099A5BF218372DDC00624CDF /* test_beacon-Info.plist */ = {isa = PBXFileReference; lastKnownFileType = text.plist.xml; path = "test_beacon-Info.plist"; sourceTree = "<group>"; };
		099A5BF418372DDC00624CDF /* en */ = {isa = PBXFileReference; lastKnownFileType = text.plist.strings; name = en; path = en.lproj/InfoPlist.strings; sourceTree = "<group>"; };
		099A5BF618372DDC00624CDF /* main.m */ = {isa = PBXFileReference; lastKnownFileType = sourcecode.c.objc; path = main.m; sourceTree = "<group>"; };
		099A5BF818372DDC00624CDF /* test_beacon-Prefix.pch */ = {isa = PBXFileReference; lastKnownFileType = sourcecode.c.h; path = "test_beacon-Prefix.pch"; sourceTree = "<group>"; };
		099A5BF918372DDC00624CDF /* AppDelegate.h */ = {isa = PBXFileReference; lastKnownFileType = sourcecode.c.h; path = AppDelegate.h; sourceTree = "<group>"; };
		099A5BFA18372DDC00624CDF /* AppDelegate.m */ = {isa = PBXFileReference; lastKnownFileType = sourcecode.c.objc; path = AppDelegate.m; sourceTree = "<group>"; };
		099A5BFD18372DDC00624CDF /* Base */ = {isa = PBXFileReference; lastKnownFileType = file.storyboard; name = Base; path = Base.lproj/Main.storyboard; sourceTree = "<group>"; };
		099A5BFF18372DDC00624CDF /* ViewController.h */ = {isa = PBXFileReference; lastKnownFileType = sourcecode.c.h; path = ViewController.h; sourceTree = "<group>"; };
		099A5C0018372DDC00624CDF /* ViewController.m */ = {isa = PBXFileReference; lastKnownFileType = sourcecode.c.objc; path = ViewController.m; sourceTree = "<group>"; };
		099A5C0218372DDC00624CDF /* Images.xcassets */ = {isa = PBXFileReference; lastKnownFileType = folder.assetcatalog; path = Images.xcassets; sourceTree = "<group>"; };
		099A5C0818372DDC00624CDF /* test_beaconTests.xctest */ = {isa = PBXFileReference; explicitFileType = wrapper.cfbundle; includeInIndex = 0; path = test_beaconTests.xctest; sourceTree = BUILT_PRODUCTS_DIR; };
		099A5C0918372DDC00624CDF /* XCTest.framework */ = {isa = PBXFileReference; lastKnownFileType = wrapper.framework; name = XCTest.framework; path = Library/Frameworks/XCTest.framework; sourceTree = DEVELOPER_DIR; };
		099A5C1118372DDC00624CDF /* test_beaconTests-Info.plist */ = {isa = PBXFileReference; lastKnownFileType = text.plist.xml; path = "test_beaconTests-Info.plist"; sourceTree = "<group>"; };
		099A5C1318372DDC00624CDF /* en */ = {isa = PBXFileReference; lastKnownFileType = text.plist.strings; name = en; path = en.lproj/InfoPlist.strings; sourceTree = "<group>"; };
		099A5C1518372DDC00624CDF /* test_beaconTests.m */ = {isa = PBXFileReference; lastKnownFileType = sourcecode.c.objc; path = test_beaconTests.m; sourceTree = "<group>"; };
		099A5C1F18372E1500624CDF /* CoreBluetooth.framework */ = {isa = PBXFileReference; lastKnownFileType = wrapper.framework; name = CoreBluetooth.framework; path = System/Library/Frameworks/CoreBluetooth.framework; sourceTree = SDKROOT; };
/* End PBXFileReference section */

/* Begin PBXFrameworksBuildPhase section */
		099A5BE418372DDC00624CDF /* Frameworks */ = {
			isa = PBXFrameworksBuildPhase;
			buildActionMask = 2147483647;
			files = (
				099A5C2018372E1500624CDF /* CoreBluetooth.framework in Frameworks */,
				099A5BED18372DDC00624CDF /* CoreGraphics.framework in Frameworks */,
				099A5BEF18372DDC00624CDF /* UIKit.framework in Frameworks */,
				099A5BEB18372DDC00624CDF /* Foundation.framework in Frameworks */,
			);
			runOnlyForDeploymentPostprocessing = 0;
		};
		099A5C0518372DDC00624CDF /* Frameworks */ = {
			isa = PBXFrameworksBuildPhase;
			buildActionMask = 2147483647;
			files = (
				099A5C0A18372DDC00624CDF /* XCTest.framework in Frameworks */,
				099A5C0C18372DDC00624CDF /* UIKit.framework in Frameworks */,
				099A5C0B18372DDC00624CDF /* Foundation.framework in Frameworks */,
			);
			runOnlyForDeploymentPostprocessing = 0;
		};
/* End PBXFrameworksBuildPhase section */

/* Begin PBXGroup section */
		099A5BDE18372DDC00624CDF = {
			isa = PBXGroup;
			children = (
				099A5BF018372DDC00624CDF /* test_beacon */,
				099A5C0F18372DDC00624CDF /* test_beaconTests */,
				099A5BE918372DDC00624CDF /* Frameworks */,
				099A5BE818372DDC00624CDF /* Products */,
			);
			sourceTree = "<group>";
		};
		099A5BE818372DDC00624CDF /* Products */ = {
			isa = PBXGroup;
			children = (
				099A5BE718372DDC00624CDF /* test_beacon.app */,
				099A5C0818372DDC00624CDF /* test_beaconTests.xctest */,
			);
			name = Products;
			sourceTree = "<group>";
		};
		099A5BE918372DDC00624CDF /* Frameworks */ = {
			isa = PBXGroup;
			children = (
				099A5C1F18372E1500624CDF /* CoreBluetooth.framework */,
				099A5BEA18372DDC00624CDF /* Foundation.framework */,
				099A5BEC18372DDC00624CDF /* CoreGraphics.framework */,
				099A5BEE18372DDC00624CDF /* UIKit.framework */,
				099A5C0918372DDC00624CDF /* XCTest.framework */,
			);
			name = Frameworks;
			sourceTree = "<group>";
		};
		099A5BF018372DDC00624CDF /* test_beacon */ = {
			isa = PBXGroup;
			children = (
				099A5BF918372DDC00624CDF /* AppDelegate.h */,
				099A5BFA18372DDC00624CDF /* AppDelegate.m */,
				099A5BFC18372DDC00624CDF /* Main.storyboard */,
				099A5BFF18372DDC00624CDF /* ViewController.h */,
				099A5C0018372DDC00624CDF /* ViewController.m */,
				099A5C0218372DDC00624CDF /* Images.xcassets */,
				099A5BF118372DDC00624CDF /* Supporting Files */,
			);
			path = test_beacon;
			sourceTree = "<group>";
		};
		099A5BF118372DDC00624CDF /* Supporting Files */ = {
			isa = PBXGroup;
			children = (
				099A5BF218372DDC00624CDF /* test_beacon-Info.plist */,
				099A5BF318372DDC00624CDF /* InfoPlist.strings */,
				099A5BF618372DDC00624CDF /* main.m */,
				099A5BF818372DDC00624CDF /* test_beacon-Prefix.pch */,
			);
			name = "Supporting Files";
			sourceTree = "<group>";
		};
		099A5C0F18372DDC00624CDF /* test_beaconTests */ = {
			isa = PBXGroup;
			children = (
				099A5C1518372DDC00624CDF /* test_beaconTests.m */,
				099A5C1018372DDC00624CDF /* Supporting Files */,
			);
			path = test_beaconTests;
			sourceTree = "<group>";
		};
		099A5C1018372DDC00624CDF /* Supporting Files */ = {
			isa = PBXGroup;
			children = (
				099A5C1118372DDC00624CDF /* test_beaconTests-Info.plist */,
				099A5C1218372DDC00624CDF /* InfoPlist.strings */,
			);
			name = "Supporting Files";
			sourceTree = "<group>";
		};
/* End PBXGroup section */

/* Begin PBXNativeTarget section */
		099A5BE618372DDC00624CDF /* test_beacon */ = {
			isa = PBXNativeTarget;
			buildConfigurationList = 099A5C1918372DDC00624CDF /* Build configuration list for PBXNativeTarget "test_beacon" */;
			buildPhases = (
				099A5BE318372DDC00624CDF /* Sources */,
				099A5BE418372DDC00624CDF /* Frameworks */,
				099A5BE518372DDC00624CDF /* Resources */,
			);
			buildRules = (
			);
			dependencies = (
			);
			name = test_beacon;
			productName = test_beacon;
			productReference = 099A5BE718372DDC00624CDF /* test_beacon.app */;
			productType = "com.apple.product-type.application";
		};
		099A5C0718372DDC00624CDF /* test_beaconTests */ = {
			isa = PBXNativeTarget;
			buildConfigurationList = 099A5C1C18372DDC00624CDF /* Build configuration list for PBXNativeTarget "test_beaconTests" */;
			buildPhases = (
				099A5C0418372DDC00624CDF /* Sources */,
				099A5C0518372DDC00624CDF /* Frameworks */,
				099A5C0618372DDC00624CDF /* Resources */,
			);
			buildRules = (
			);
			dependencies = (
				099A5C0E18372DDC00624CDF /* PBXTargetDependency */,
			);
			name = test_beaconTests;
			productName = test_beaconTests;
			productReference = 099A5C0818372DDC00624CDF /* test_beaconTests.xctest */;
			productType = "com.apple.product-type.bundle.unit-test";
		};
/* End PBXNativeTarget section */

/* Begin PBXProject section */
		099A5BDF18372DDC00624CDF /* Project object */ = {
			isa = PBXProject;
			attributes = {
				LastUpgradeCheck = 0500;
				ORGANIZATIONNAME = "Alan Bouzek";
				TargetAttributes = {
					099A5C0718372DDC00624CDF = {
						TestTargetID = 099A5BE618372DDC00624CDF;
					};
				};
			};
			buildConfigurationList = 099A5BE218372DDC00624CDF /* Build configuration list for PBXProject "test_beacon" */;
			compatibilityVersion = "Xcode 3.2";
			developmentRegion = English;
			hasScannedForEncodings = 0;
			knownRegions = (
				en,
				Base,
			);
			mainGroup = 099A5BDE18372DDC00624CDF;
			productRefGroup = 099A5BE818372DDC00624CDF /* Products */;
			projectDirPath = "";
			projectRoot = "";
			targets = (
				099A5BE618372DDC00624CDF /* test_beacon */,
				099A5C0718372DDC00624CDF /* test_beaconTests */,
			);
		};
/* End PBXProject section */

/* Begin PBXResourcesBuildPhase section */
		099A5BE518372DDC00624CDF /* Resources */ = {
			isa = PBXResourcesBuildPhase;
			buildActionMask = 2147483647;
			files = (
				099A5C0318372DDC00624CDF /* Images.xcassets in Resources */,
				099A5BF518372DDC00624CDF /* InfoPlist.strings in Resources */,
				099A5BFE18372DDC00624CDF /* Main.storyboard in Resources */,
			);
			runOnlyForDeploymentPostprocessing = 0;
		};
		099A5C0618372DDC00624CDF /* Resources */ = {
			isa = PBXResourcesBuildPhase;
			buildActionMask = 2147483647;
			files = (
				099A5C1418372DDC00624CDF /* InfoPlist.strings in Resources */,
			);
			runOnlyForDeploymentPostprocessing = 0;
		};
/* End PBXResourcesBuildPhase section */

/* Begin PBXSourcesBuildPhase section */
		099A5BE318372DDC00624CDF /* Sources */ = {
			isa = PBXSourcesBuildPhase;
			buildActionMask = 2147483647;
			files = (
				099A5C0118372DDC00624CDF /* ViewController.m in Sources */,
				099A5BFB18372DDC00624CDF /* AppDelegate.m in Sources */,
				099A5BF718372DDC00624CDF /* main.m in Sources */,
			);
			runOnlyForDeploymentPostprocessing = 0;
		};
		099A5C0418372DDC00624CDF /* Sources */ = {
			isa = PBXSourcesBuildPhase;
			buildActionMask = 2147483647;
			files = (
				099A5C1618372DDC00624CDF /* test_beaconTests.m in Sources */,
			);
			runOnlyForDeploymentPostprocessing = 0;
		};
/* End PBXSourcesBuildPhase section */

/* Begin PBXTargetDependency section */
		099A5C0E18372DDC00624CDF /* PBXTargetDependency */ = {
			isa = PBXTargetDependency;
			target = 099A5BE618372DDC00624CDF /* test_beacon */;
			targetProxy = 099A5C0D18372DDC00624CDF /* PBXContainerItemProxy */;
		};
/* End PBXTargetDependency section */

/* Begin PBXVariantGroup section */
		099A5BF318372DDC00624CDF /* InfoPlist.strings */ = {
			isa = PBXVariantGroup;
			children = (
				099A5BF418372DDC00624CDF /* en */,
			);
			name = InfoPlist.strings;
			sourceTree = "<group>";
		};
		099A5BFC18372DDC00624CDF /* Main.storyboard */ = {
			isa = PBXVariantGroup;
			children = (
				099A5BFD18372DDC00624CDF /* Base */,
			);
			name = Main.storyboard;
			sourceTree = "<group>";
		};
		099A5C1218372DDC00624CDF /* InfoPlist.strings */ = {
			isa = PBXVariantGroup;
			children = (
				099A5C1318372DDC00624CDF /* en */,
			);
			name = InfoPlist.strings;
			sourceTree = "<group>";
		};
/* End PBXVariantGroup section */

/* Begin XCBuildConfiguration section */
		099A5C1718372DDC00624CDF /* Debug */ = {
			isa = XCBuildConfiguration;
			buildSettings = {
				ALWAYS_SEARCH_USER_PATHS = NO;
				ARCHS = "$(ARCHS_STANDARD_INCLUDING_64_BIT)";
				CLANG_CXX_LANGUAGE_STANDARD = "gnu++0x";
				CLANG_CXX_LIBRARY = "libc++";
				CLANG_ENABLE_MODULES = YES;
				CLANG_ENABLE_OBJC_ARC = YES;
				CLANG_WARN_BOOL_CONVERSION = YES;
				CLANG_WARN_CONSTANT_CONVERSION = YES;
				CLANG_WARN_DIRECT_OBJC_ISA_USAGE = YES_ERROR;
				CLANG_WARN_EMPTY_BODY = YES;
				CLANG_WARN_ENUM_CONVERSION = YES;
				CLANG_WARN_INT_CONVERSION = YES;
				CLANG_WARN_OBJC_ROOT_CLASS = YES_ERROR;
				CLANG_WARN__DUPLICATE_METHOD_MATCH = YES;
				"CODE_SIGN_IDENTITY[sdk=iphoneos*]" = "iPhone Developer";
				COPY_PHASE_STRIP = NO;
				GCC_C_LANGUAGE_STANDARD = gnu99;
				GCC_DYNAMIC_NO_PIC = NO;
				GCC_OPTIMIZATION_LEVEL = 0;
				GCC_PREPROCESSOR_DEFINITIONS = (
					"DEBUG=1",
					"$(inherited)",
				);
				GCC_SYMBOLS_PRIVATE_EXTERN = NO;
				GCC_WARN_64_TO_32_BIT_CONVERSION = YES;
				GCC_WARN_ABOUT_RETURN_TYPE = YES_ERROR;
				GCC_WARN_UNDECLARED_SELECTOR = YES;
				GCC_WARN_UNINITIALIZED_AUTOS = YES;
				GCC_WARN_UNUSED_FUNCTION = YES;
				GCC_WARN_UNUSED_VARIABLE = YES;
				IPHONEOS_DEPLOYMENT_TARGET = 7.0;
				ONLY_ACTIVE_ARCH = YES;
				SDKROOT = iphoneos;
			};
			name = Debug;
		};
		099A5C1818372DDC00624CDF /* Release */ = {
			isa = XCBuildConfiguration;
			buildSettings = {
				ALWAYS_SEARCH_USER_PATHS = NO;
				ARCHS = "$(ARCHS_STANDARD_INCLUDING_64_BIT)";
				CLANG_CXX_LANGUAGE_STANDARD = "gnu++0x";
				CLANG_CXX_LIBRARY = "libc++";
				CLANG_ENABLE_MODULES = YES;
				CLANG_ENABLE_OBJC_ARC = YES;
				CLANG_WARN_BOOL_CONVERSION = YES;
				CLANG_WARN_CONSTANT_CONVERSION = YES;
				CLANG_WARN_DIRECT_OBJC_ISA_USAGE = YES_ERROR;
				CLANG_WARN_EMPTY_BODY = YES;
				CLANG_WARN_ENUM_CONVERSION = YES;
				CLANG_WARN_INT_CONVERSION = YES;
				CLANG_WARN_OBJC_ROOT_CLASS = YES_ERROR;
				CLANG_WARN__DUPLICATE_METHOD_MATCH = YES;
				"CODE_SIGN_IDENTITY[sdk=iphoneos*]" = "iPhone Developer";
				COPY_PHASE_STRIP = YES;
				ENABLE_NS_ASSERTIONS = NO;
				GCC_C_LANGUAGE_STANDARD = gnu99;
				GCC_WARN_64_TO_32_BIT_CONVERSION = YES;
				GCC_WARN_ABOUT_RETURN_TYPE = YES_ERROR;
				GCC_WARN_UNDECLARED_SELECTOR = YES;
				GCC_WARN_UNINITIALIZED_AUTOS = YES;
				GCC_WARN_UNUSED_FUNCTION = YES;
				GCC_WARN_UNUSED_VARIABLE = YES;
				IPHONEOS_DEPLOYMENT_TARGET = 7.0;
				SDKROOT = iphoneos;
				VALIDATE_PRODUCT = YES;
			};
			name = Release;
		};
		099A5C1A18372DDC00624CDF /* Debug */ = {
			isa = XCBuildConfiguration;
			buildSettings = {
				ASSETCATALOG_COMPILER_APPICON_NAME = AppIcon;
				ASSETCATALOG_COMPILER_LAUNCHIMAGE_NAME = LaunchImage;
				GCC_PRECOMPILE_PREFIX_HEADER = YES;
				GCC_PREFIX_HEADER = "test_beacon/test_beacon-Prefix.pch";
				INFOPLIST_FILE = "test_beacon/test_beacon-Info.plist";
				PRODUCT_NAME = "$(TARGET_NAME)";
				WRAPPER_EXTENSION = app;
			};
			name = Debug;
		};
		099A5C1B18372DDC00624CDF /* Release */ = {
			isa = XCBuildConfiguration;
			buildSettings = {
				ASSETCATALOG_COMPILER_APPICON_NAME = AppIcon;
				ASSETCATALOG_COMPILER_LAUNCHIMAGE_NAME = LaunchImage;
				GCC_PRECOMPILE_PREFIX_HEADER = YES;
				GCC_PREFIX_HEADER = "test_beacon/test_beacon-Prefix.pch";
				INFOPLIST_FILE = "test_beacon/test_beacon-Info.plist";
				PRODUCT_NAME = "$(TARGET_NAME)";
				WRAPPER_EXTENSION = app;
			};
			name = Release;
		};
		099A5C1D18372DDC00624CDF /* Debug */ = {
			isa = XCBuildConfiguration;
			buildSettings = {
				ARCHS = "$(ARCHS_STANDARD_INCLUDING_64_BIT)";
				BUNDLE_LOADER = "$(BUILT_PRODUCTS_DIR)/test_beacon.app/test_beacon";
				FRAMEWORK_SEARCH_PATHS = (
					"$(SDKROOT)/Developer/Library/Frameworks",
					"$(inherited)",
					"$(DEVELOPER_FRAMEWORKS_DIR)",
				);
				GCC_PRECOMPILE_PREFIX_HEADER = YES;
				GCC_PREFIX_HEADER = "test_beacon/test_beacon-Prefix.pch";
				GCC_PREPROCESSOR_DEFINITIONS = (
					"DEBUG=1",
					"$(inherited)",
				);
				INFOPLIST_FILE = "test_beaconTests/test_beaconTests-Info.plist";
				PRODUCT_NAME = "$(TARGET_NAME)";
				TEST_HOST = "$(BUNDLE_LOADER)";
				WRAPPER_EXTENSION = xctest;
			};
			name = Debug;
		};
		099A5C1E18372DDC00624CDF /* Release */ = {
			isa = XCBuildConfiguration;
			buildSettings = {
				ARCHS = "$(ARCHS_STANDARD_INCLUDING_64_BIT)";
				BUNDLE_LOADER = "$(BUILT_PRODUCTS_DIR)/test_beacon.app/test_beacon";
				FRAMEWORK_SEARCH_PATHS = (
					"$(SDKROOT)/Developer/Library/Frameworks",
					"$(inherited)",
					"$(DEVELOPER_FRAMEWORKS_DIR)",
				);
				GCC_PRECOMPILE_PREFIX_HEADER = YES;
				GCC_PREFIX_HEADER = "test_beacon/test_beacon-Prefix.pch";
				INFOPLIST_FILE = "test_beaconTests/test_beaconTests-Info.plist";
				PRODUCT_NAME = "$(TARGET_NAME)";
				TEST_HOST = "$(BUNDLE_LOADER)";
				WRAPPER_EXTENSION = xctest;
			};
			name = Release;
		};
/* End XCBuildConfiguration section */

/* Begin XCConfigurationList section */
		099A5BE218372DDC00624CDF /* Build configuration list for PBXProject "test_beacon" */ = {
			isa = XCConfigurationList;
			buildConfigurations = (
				099A5C1718372DDC00624CDF /* Debug */,
				099A5C1818372DDC00624CDF /* Release */,
			);
			defaultConfigurationIsVisible = 0;
			defaultConfigurationName = Release;
		};
		099A5C1918372DDC00624CDF /* Build configuration list for PBXNativeTarget "test_beacon" */ = {
			isa = XCConfigurationList;
			buildConfigurations = (
				099A5C1A18372DDC00624CDF /* Debug */,
				099A5C1B18372DDC00624CDF /* Release */,
			);
			defaultConfigurationIsVisible = 0;
		};
		099A5C1C18372DDC00624CDF /* Build configuration list for PBXNativeTarget "test_beaconTests" */ = {
			isa = XCConfigurationList;
			buildConfigurations = (
				099A5C1D18372DDC00624CDF /* Debug */,
				099A5C1E18372DDC00624CDF /* Release */,
			);
			defaultConfigurationIsVisible = 0;
		};
/* End XCConfigurationList section */
	};
	rootObject = 099A5BDF18372DDC00624CDF /* Project object */;
}
